
Microsoft Visual Studio Solution File, Format Version 12.00
# Visual Studio 15
VisualStudioVersion = 15.0.28307.539
MinimumVisualStudioVersion = 10.0.40219.1
Project("{FAE04EC0-301F-11D3-BF4B-00C04F79EFBC}") = "CSharpTranslator", "CSharpTranslator\CSharpTranslator.csproj", "{234C7608-0D54-405B-B1C7-091A71992FFC}"
EndProject
Project("{FAE04EC0-301F-11D3-BF4B-00C04F79EFBC}") = "EasyTranspiler", "EasyTranspiler\EasyTranspiler.csproj", "{4EF76DC0-398A-4EAA-B112-4ECF9EF055BB}"
EndProject
Global
	GlobalSection(SolutionConfigurationPlatforms) = preSolution
		Debug|Any CPU = Debug|Any CPU
		Release|Any CPU = Release|Any CPU
	EndGlobalSection
	GlobalSection(ProjectConfigurationPlatforms) = postSolution
		{234C7608-0D54-405B-B1C7-091A71992FFC}.Debug|Any CPU.ActiveCfg = Debug|Any CPU
		{234C7608-0D54-405B-B1C7-091A71992FFC}.Debug|Any CPU.Build.0 = Debug|Any CPU
		{234C7608-0D54-405B-B1C7-091A71992FFC}.Release|Any CPU.ActiveCfg = Release|Any CPU
		{234C7608-0D54-405B-B1C7-091A71992FFC}.Release|Any CPU.Build.0 = Release|Any CPU
		{4EF76DC0-398A-4EAA-B112-4ECF9EF055BB}.Debug|Any CPU.ActiveCfg = Debug|Any CPU
		{4EF76DC0-398A-4EAA-B112-4ECF9EF055BB}.Debug|Any CPU.Build.0 = Debug|Any CPU
		{4EF76DC0-398A-4EAA-B112-4ECF9EF055BB}.Release|Any CPU.ActiveCfg = Release|Any CPU
		{4EF76DC0-398A-4EAA-B112-4ECF9EF055BB}.Release|Any CPU.Build.0 = Release|Any CPU
	EndGlobalSection
	GlobalSection(SolutionProperties) = preSolution
		HideSolutionNode = FALSE
	EndGlobalSection
	GlobalSection(ExtensibilityGlobals) = postSolution
		SolutionGuid = {F521A2A1-99FF-4998-BC96-A87D4A95BCBD}
	EndGlobalSection
EndGlobal
